# Generated by pub
# See https://dart.dev/tools/pub/glossary#lockfile
packages:
  _fe_analyzer_shared:
    dependency: transitive
    description:
      name: _fe_analyzer_shared
      sha256: "7e2230902101bb466e74230db6e7873a8c6a27e691aecdf925d92beb36034d1e"
      url: "https://pub.dartlang.org"
    source: hosted
    version: "6.0.0"
  analyzer:
    dependency: "direct overridden"
    description:
      name: analyzer
      sha256: "223842cd7dd3c8a4f851e90f295ea15e452ecf23ea70ac12f416313cfba31f9b"
      url: "https://pub.dartlang.org"
    source: hosted
    version: "0.39.14"
  animated_button:
    dependency: "direct main"
    description:
      name: animated_button
      sha256: "1c78ced197f26225272fe2a19a419b9786e123ce69de30745642adab02b46e36"
      url: "https://pub.dartlang.org"
    source: hosted
    version: "0.1.2"
  animated_theme_switcher:
    dependency: "direct main"
    description:
      name: animated_theme_switcher
      sha256: "854a0a892fd577d015b835b0f6fdeb2b8ea8997aef926dfd90caa8ac3101f5a1"
      url: "https://pub.dartlang.org"
    source: hosted
    version: "1.0.6"
  archive:
    dependency: transitive
    description:
      name: archive
      sha256: f06332efd7b0886705a929c5d3b52cda4d6d0979627c1dbe9a18fc24becf50ae
      url: "https://pub.dartlang.org"
    source: hosted
    version: "2.0.13"
  args:
    dependency: transitive
    description:
      name: args
      sha256: "6ba785824030bc97154264652acfd6a2dc699cd85f6def708fb7534d23ef1348"
      url: "https://pub.dartlang.org"
    source: hosted
    version: "1.6.0"
  async:
    dependency: transitive
    description:
      name: async
      sha256: bfe67ef28df125b7dddcea62755991f807aa39a2492a23e1550161692950bbe0
      url: "https://pub.dartlang.org"
    source: hosted
    version: "2.10.0"
  auto_size_text:
    dependency: "direct main"
    description:
      name: auto_size_text
      sha256: "5d4a6d29727505dfa186b7c05afa19d9ac4166b139985e37b29cb212ec26bcb5"
      url: "https://pub.dartlang.org"
    source: hosted
    version: "2.1.0"
  awesome_dialog:
    dependency: "direct main"
    description:
      name: awesome_dialog
      sha256: "9d7ed736f754c0fb0b72dd2339d0083aad7685f907d9938a20ad324ceca8c822"
      url: "https://pub.dartlang.org"
    source: hosted
    version: "1.1.2"
  barcode_scan2:
    dependency: "direct main"
    description:
      name: barcode_scan2
      sha256: "4ef778c31a8d0e184fbf9ae140c3e281bdda2188808a346cab58c848b1f3d5dd"
      url: "https://pub.dartlang.org"
    source: hosted
    version: "4.1.4"
  boolean_selector:
    dependency: transitive
    description:
      name: boolean_selector
      sha256: "6cfb5af12253eaf2b368f07bacc5a80d1301a071c73360d746b7f2e32d762c66"
      url: "https://pub.dartlang.org"
    source: hosted
    version: "2.1.1"
  build:
    dependency: transitive
    description:
      name: build
      sha256: e2cb6d6becb0ee2e3adfdecf4f1c4016bcfed589a3e5f6a4afff7384cf6c25c4
      url: "https://pub.dartlang.org"
    source: hosted
    version: "1.6.2"
  build_config:
    dependency: transitive
    description:
      name: build_config
      sha256: "9e5aa739e28154fc8b5c483ab54ad861759529ec455f8636106166ad0e5ab1b8"
      url: "https://pub.dartlang.org"
    source: hosted
    version: "0.4.5"
  build_daemon:
    dependency: transitive
    description:
      name: build_daemon
      sha256: "02d9e94f2b7f6e4de0f0cd24dc9e2cd0c00fec082265ca89d3b32282cb7381bc"
      url: "https://pub.dartlang.org"
    source: hosted
    version: "2.1.10"
  build_resolvers:
    dependency: transitive
    description:
      name: build_resolvers
      sha256: "60b18340a32f7f2f8f7955d38d6ad2c2792b8f9412a4fb3abe7581377b870ef2"
      url: "https://pub.dartlang.org"
    source: hosted
    version: "1.5.4"
  build_runner:
    dependency: "direct dev"
    description:
      name: build_runner
      sha256: "570961f7ba6998a12e20f09176c6b287440176f834c31e2a1b07b919302e9880"
      url: "https://pub.dartlang.org"
    source: hosted
    version: "1.11.1+1"
  build_runner_core:
    dependency: transitive
    description:
      name: build_runner_core
      sha256: "5922763d4501c59f46d0aec8fcd344cbe5e90bcd27e4237f630199968561664b"
      url: "https://pub.dartlang.org"
    source: hosted
    version: "6.1.7"
  built_collection:
    dependency: transitive
    description:
      name: built_collection
      sha256: "376e3dd27b51ea877c28d525560790aee2e6fbb5f20e2f85d5081027d94e2100"
      url: "https://pub.dartlang.org"
    source: hosted
    version: "5.1.1"
  built_value:
    dependency: transitive
    description:
      name: built_value
      sha256: ce70206f4116029cec77802dd5b5987e32c30ab491af6e3e49410b7457ebfc64
      url: "https://pub.dartlang.org"
    source: hosted
    version: "8.1.2"
  characters:
    dependency: transitive
    description:
      name: characters
      sha256: e6a326c8af69605aec75ed6c187d06b349707a27fbff8222ca9cc2cff167975c
      url: "https://pub.dartlang.org"
    source: hosted
    version: "1.2.1"
  charcode:
    dependency: transitive
    description:
      name: charcode
      sha256: fb98c0f6d12c920a02ee2d998da788bca066ca5f148492b7085ee23372b12306
      url: "https://pub.dartlang.org"
    source: hosted
    version: "1.3.1"
  checked_yaml:
    dependency: transitive
    description:
      name: checked_yaml
      sha256: d051b31d88264beeeef1fa971f19d9a1d614b157bc60dad5b3b360f996e48656
      url: "https://pub.dartlang.org"
    source: hosted
    version: "1.0.4"
  cli_util:
    dependency: transitive
    description:
      name: cli_util
      sha256: "2573a79aa8032d2c25d615ba7b9e5dcdff1345d68d3209d138ff1ada78f760d7"
      url: "https://pub.dartlang.org"
    source: hosted
    version: "0.1.4"
  clock:
    dependency: transitive
    description:
      name: clock
      sha256: cb6d7f03e1de671e34607e909a7213e31d7752be4fb66a86d29fe1eb14bfb5cf
      url: "https://pub.dartlang.org"
    source: hosted
    version: "1.1.1"
  code_builder:
    dependency: transitive
    description:
      name: code_builder
      sha256: "48ae73ba8dbf1923de91e0fd65736148f63f6c6fb0925bdda05c1df0298c55e1"
      url: "https://pub.dartlang.org"
    source: hosted
    version: "3.7.0"
  collection:
    dependency: transitive
    description:
      name: collection
      sha256: cfc915e6923fe5ce6e153b0723c753045de46de1b4d63771530504004a45fae0
      url: "https://pub.dartlang.org"
    source: hosted
    version: "1.17.0"
  convert:
    dependency: transitive
    description:
      name: convert
      sha256: "3fa83bc417e26f1d55814443a603747d48e3cdf55b2f4fea27dea8e9224dcefd"
      url: "https://pub.dartlang.org"
    source: hosted
    version: "2.1.1"
  crypto:
    dependency: transitive
    description:
      name: crypto
      sha256: "9573b41053730155edbc2b883717c467648de3f1fe74171d62ca7b9c899014ec"
      url: "https://pub.dartlang.org"
    source: hosted
    version: "2.1.4"
  csslib:
    dependency: transitive
    description:
      name: csslib
      sha256: c5f80c0361d95655647094aad231fd6efe2ef0f1ee85db4e0d1d99db4d789229
      url: "https://pub.dartlang.org"
    source: hosted
    version: "0.16.2"
  dart_style:
    dependency: transitive
    description:
      name: dart_style
      sha256: b2b9f171f9a6b548b0374b179945ceb62e203825ba054a0f904acd70452d511e
      url: "https://pub.dartlang.org"
    source: hosted
    version: "1.3.14"
  date_range_picker:
    dependency: "direct main"
    description:
      name: date_range_picker
      sha256: f5bf1cf3e7f93855ca5955281fc0eb8c72866331f586d0cb1de595f389b17e20
      url: "https://pub.dartlang.org"
    source: hosted
    version: "1.0.7"
  device_info:
    dependency: "direct main"
    description:
      name: device_info
      sha256: "41a4b0db50a63be7b5fc177e4273d20387d2c2945d2c950e71633e3e4ff05d3b"
      url: "https://pub.dartlang.org"
    source: hosted
    version: "0.4.2+4"
  equatable:
    dependency: transitive
    description:
      name: equatable
      sha256: cc5e9c6ec7a339d9aab41593005444a460c7e3f68988de527af9dcd5e0d5ca31
      url: "https://pub.dartlang.org"
    source: hosted
    version: "1.2.0"
  fake_async:
    dependency: transitive
    description:
      name: fake_async
      sha256: "511392330127add0b769b75a987850d136345d9227c6b94c96a04cf4a391bf78"
      url: "https://pub.dartlang.org"
    source: hosted
    version: "1.3.1"
  ffi:
    dependency: transitive
    description:
      name: ffi
      sha256: "35d0f481d939de0d640b3db9a7aa36a52cd22054a798a73b4f50bdad5ce12678"
      url: "https://pub.dartlang.org"
    source: hosted
    version: "1.1.2"
  file:
    dependency: transitive
    description:
      name: file
      sha256: b69516f2c26a5bcac4eee2e32512e1a5205ab312b3536c1c1227b2b942b5f9ad
      url: "https://pub.dartlang.org"
    source: hosted
    version: "6.1.2"
  file_picker:
    dependency: "direct main"
    description:
      name: file_picker
      sha256: e10dfd7c94ead0c074d3cfb308a2fb5eac5d937461807c53be835bcc4ee0c21d
      url: "https://pub.dartlang.org"
    source: hosted
    version: "1.13.0+1"
  file_picker_platform_interface:
    dependency: transitive
    description:
      name: file_picker_platform_interface
      sha256: fdd0f666cf606bcb9cc6dfac20d72f709ea6cec3289b457da27abeeef02abf0e
      url: "https://pub.dartlang.org"
    source: hosted
    version: "1.3.1"
  fixnum:
    dependency: transitive
    description:
      name: fixnum
      sha256: "6a2ef17156f4dc49684f9d99aaf4a93aba8ac49f5eac861755f5730ddf6e2e4e"
      url: "https://pub.dartlang.org"
    source: hosted
    version: "1.0.0"
  flare_dart:
    dependency: transitive
    description:
      name: flare_dart
      sha256: "55a2cfa73b781c9399d515d23ba95821fb08e7aaaef9fc29c5752cc5e7be1fa8"
      url: "https://pub.dartlang.org"
    source: hosted
    version: "2.3.4"
  flare_flutter:
    dependency: transitive
    description:
      name: flare_flutter
      sha256: "261846a2949d41731cf710fa38e9dea03d295eaa68c3c1fdd0f7da9c04a90af1"
      url: "https://pub.dartlang.org"
    source: hosted
    version: "2.0.3"
  flutter:
    dependency: "direct main"
    description: flutter
    source: sdk
    version: "0.0.0"
  flutter_icons:
    dependency: "direct main"
    description:
      name: flutter_icons
      sha256: ad1c830f729c71216372d1a8d62c08c6dd792227d9492d5130aea5e391210a9f
      url: "https://pub.dartlang.org"
    source: hosted
    version: "1.1.0"
  flutter_launcher_icons:
    dependency: "direct dev"
    description:
      name: flutter_launcher_icons
      sha256: "82ce3f02842c04eb63ae942a3fce74a193885c43e487d2ffe9921963810be4c0"
      url: "https://pub.dartlang.org"
    source: hosted
    version: "0.7.5"
  flutter_plugin_android_lifecycle:
    dependency: "direct main"
    description:
      name: flutter_plugin_android_lifecycle
      sha256: f64fc84e913a3c225588724c811f5f6600562d17fc6f6cea7fda264fc93361ae
      url: "https://pub.dartlang.org"
    source: hosted
    version: "1.0.11"
  flutter_screenutil:
    dependency: "direct main"
    description:
      name: flutter_screenutil
      sha256: "368492376d26829d7add00143091fd8e3cf5fc1d60f51f2be683fcc8b76871d2"
      url: "https://pub.dartlang.org"
    source: hosted
    version: "1.1.0"
  flutter_test:
    dependency: "direct dev"
    description: flutter
    source: sdk
    version: "0.0.0"
  flutter_web_plugins:
    dependency: transitive
    description: flutter
    source: sdk
    version: "0.0.0"
  geolocator:
    dependency: "direct main"
    description:
      name: geolocator
      sha256: dffcc8ac98ae78db2ab83e1b3486741b8810a927b76116d4b4ed2d87f036dc44
      url: "https://pub.dartlang.org"
    source: hosted
    version: "5.3.2+2"
  glob:
    dependency: transitive
    description:
      name: glob
      sha256: "7a3d9aac121f4e7ec23ca7a32e383188ddd416dbaca7f5dc52c8fd98bbceb43b"
      url: "https://pub.dartlang.org"
    source: hosted
    version: "1.2.0"
  google_api_availability:
    dependency: transitive
    description:
      name: google_api_availability
      sha256: "652f4904b167c7890ae4a99a563b4522adf6bcffbc18f9bc580ebb902134398b"
      url: "https://pub.dartlang.org"
    source: hosted
    version: "2.0.4"
  google_fonts:
    dependency: "direct main"
    description:
      name: google_fonts
      sha256: fef0a13852ef800c53188b35d559378f445d8cfab24d9c88830eb88e14840900
      url: "https://pub.dartlang.org"
    source: hosted
    version: "1.1.2"
  graphs:
    dependency: transitive
    description:
      name: graphs
      sha256: db4e50f399d69bf7349d4e99e8dabd74fad51c0574f36b8d3613ef465715af52
      url: "https://pub.dartlang.org"
    source: hosted
    version: "0.2.0"
  html:
    dependency: transitive
    description:
      name: html
      sha256: "49f0f00a6f85ecab782e641ad79377bfd4b4aea463178ac19cbf45ea8419c380"
      url: "https://pub.dartlang.org"
    source: hosted
    version: "0.14.0+4"
  http:
    dependency: "direct main"
    description:
      name: http
      sha256: e7e8bfbe0a53d654860a5220b879e28beb174e3b6cc5fcc743a84f8f90923e70
      url: "https://pub.dartlang.org"
    source: hosted
    version: "0.12.1"
  http_multi_server:
    dependency: transitive
    description:
      name: http_multi_server
      sha256: "90daef58b775dc37bc409f4053763503f6544f6af7c910d2c2a7f1946554e5e5"
      url: "https://pub.dartlang.org"
    source: hosted
    version: "2.2.0"
  http_parser:
    dependency: transitive
    description:
      name: http_parser
      sha256: "9d2b0626e9e402fc98e6868360da8f256064d6c0b8e4c3edcca5e02fb0b95da9"
      url: "https://pub.dartlang.org"
    source: hosted
    version: "3.1.4"
  image:
    dependency: transitive
    description:
      name: image
      sha256: "80cc5436c2053082b964102de3694b360516aa33380d10b26f7635fcd1634516"
      url: "https://pub.dartlang.org"
    source: hosted
    version: "2.1.12"
  image_picker:
    dependency: "direct main"
    description:
      name: image_picker
      sha256: "41209e0436e7358ca1ac94365d94e05861407fe11d6a2e803736ad7fcfdeecac"
      url: "https://pub.dartlang.org"
    source: hosted
    version: "0.6.7+4"
  image_picker_platform_interface:
    dependency: transitive
    description:
      name: image_picker_platform_interface
      sha256: e688b95efacf26d5aa9205b2c60a382a2c7c200642774100a1b100c950337dff
      url: "https://pub.dartlang.org"
    source: hosted
    version: "1.1.0"
  intl:
    dependency: "direct main"
    description:
      name: intl
      sha256: "4691515bb3f68ebbc4776bc97a84d429bb8e8c141a77b5ab988a4b02adb1747a"
      url: "https://pub.dartlang.org"
    source: hosted
    version: "0.16.1"
  io:
    dependency: transitive
    description:
      name: io
      sha256: "9148a33dc8fa396d4fc434625fa606744fa42b2e8dfff5ce5609938cd01aecea"
      url: "https://pub.dartlang.org"
    source: hosted
    version: "0.3.5"
  js:
    dependency: transitive
    description:
      name: js
      sha256: "5528c2f391ededb7775ec1daa69e65a2d61276f7552de2b5f7b8d34ee9fd4ab7"
      url: "https://pub.dartlang.org"
    source: hosted
    version: "0.6.5"
  json_annotation:
    dependency: transitive
    description:
      name: json_annotation
      sha256: "0aa7409f6c82acfab96853b8b0c7503de49918cbe705a57cfdeb477756b4521b"
      url: "https://pub.dartlang.org"
    source: hosted
    version: "4.1.0"
  line_awesome_flutter:
    dependency: "direct main"
    description:
      name: line_awesome_flutter
      sha256: "8855b0c4aa24c7e03c66e2013b3b64a7b9092fe2189dcfcffb185fd33ba2d063"
      url: "https://pub.dartlang.org"
    source: hosted
    version: "1.0.1"
  location_permissions:
    dependency: transitive
    description:
      name: location_permissions
      sha256: "7e05fdf2c00c2950372641f0f71b3de928fc6ba488b23f1bb45f6d910d58c155"
      url: "https://pub.dartlang.org"
    source: hosted
    version: "3.0.0+1"
  logging:
    dependency: transitive
    description:
      name: logging
      sha256: "293ae2d49fd79d4c04944c3a26dfd313382d5f52e821ec57119230ae16031ad4"
      url: "https://pub.dartlang.org"
    source: hosted
    version: "1.0.2"
  matcher:
    dependency: transitive
    description:
      name: matcher
      sha256: "16db949ceee371e9b99d22f88fa3a73c4e59fd0afed0bd25fc336eb76c198b72"
      url: "https://pub.dartlang.org"
    source: hosted
    version: "0.12.13"
  material_color_utilities:
    dependency: transitive
    description:
      name: material_color_utilities
      sha256: d92141dc6fe1dad30722f9aa826c7fbc896d021d792f80678280601aff8cf724
      url: "https://pub.dartlang.org"
    source: hosted
    version: "0.2.0"
  meta:
    dependency: transitive
    description:
      name: meta
      sha256: "6c268b42ed578a53088d834796959e4a1814b5e9e164f147f580a386e5decf42"
      url: "https://pub.dartlang.org"
    source: hosted
    version: "1.8.0"
  mime:
    dependency: transitive
    description:
      name: mime
      sha256: a7a98ea7f366e2cc9d2b20873815aebec5e2bc124fe0da9d3f7f59b0625ea180
      url: "https://pub.dartlang.org"
    source: hosted
    version: "1.0.0"
  node_interop:
    dependency: transitive
    description:
      name: node_interop
      sha256: "910d75f8589630cd197b8b7ec70e648bc380950b489b07bda1da0c5b20c4b8c1"
      url: "https://pub.dartlang.org"
    source: hosted
    version: "1.2.1"
  node_io:
    dependency: transitive
    description:
      name: node_io
      sha256: dd801d4b02543ac44af8869577a0a8a51bd92a886c4f8057664dd2514ef17b73
      url: "https://pub.dartlang.org"
    source: hosted
    version: "1.1.1"
  package_config:
    dependency: transitive
    description:
      name: package_config
      sha256: "08b3acb5f8c9736aaf26776864ea68441bb69a82d900cbce47cd962b3ddb12c9"
      url: "https://pub.dartlang.org"
    source: hosted
    version: "1.9.3"
  path:
    dependency: transitive
    description:
      name: path
      sha256: db9d4f58c908a4ba5953fcee2ae317c94889433e5024c27ce74a37f94267945b
      url: "https://pub.dartlang.org"
    source: hosted
    version: "1.8.2"
  path_provider:
    dependency: transitive
    description:
      name: path_provider
      sha256: "90ea926097957ffbcb5381fdd7de76f6d5326fcd4689f07d8d4ee42b4040fa85"
      url: "https://pub.dartlang.org"
    source: hosted
    version: "1.6.28"
  path_provider_linux:
    dependency: transitive
    description:
      name: path_provider_linux
      sha256: "739b008776d4377ef8945db2d6f42d17ad7a280f0d0cdf961de26a69ea3964e5"
      url: "https://pub.dartlang.org"
    source: hosted
    version: "0.0.1+2"
  path_provider_macos:
    dependency: transitive
    description:
      name: path_provider_macos
      sha256: "4dd2f608f51cb62c1e76c4434c89cc98c010345d315e79d8cb4f41ebcac3c119"
      url: "https://pub.dartlang.org"
    source: hosted
    version: "0.0.4+8"
  path_provider_platform_interface:
    dependency: transitive
    description:
      name: path_provider_platform_interface
      sha256: e06b2d369e0eb863cf0c4876d0fb6943846876f7e51b2752059a5c6b05bf5354
      url: "https://pub.dartlang.org"
    source: hosted
    version: "1.0.4"
  path_provider_windows:
    dependency: transitive
    description:
      name: path_provider_windows
      sha256: "16dfc776bde4b7952901316ca518780dbd3758777152eb9632958008e0338d54"
      url: "https://pub.dartlang.org"
    source: hosted
    version: "0.0.5"
  pedantic:
    dependency: transitive
    description:
      name: pedantic
      sha256: bd877013a0ee53cd774e7b7f3ec1fbd44c94704ff36177f2f20e287228cbe2a2
      url: "https://pub.dartlang.org"
    source: hosted
    version: "1.9.0"
  petitparser:
    dependency: transitive
    description:
      name: petitparser
      sha256: "4525e4341c9aabc4023700abff9b2e26f969dff9476ddf8f40de63ee5748acab"
      url: "https://pub.dartlang.org"
    source: hosted
    version: "2.4.0"
  platform:
    dependency: transitive
    description:
      name: platform
      sha256: "4a8c298d9ac37f18a1116f7be2aa86c3eaea5913586c5afbb905429dd79efa84"
      url: "https://pub.dartlang.org"
    source: hosted
    version: "3.0.2"
  plugin_platform_interface:
    dependency: transitive
    description:
      name: plugin_platform_interface
      sha256: "3c3d17d0012f7388b8beb79a4517cd2f25b66aa09f9f99f9adcaada6ea6f46f1"
      url: "https://pub.dartlang.org"
    source: hosted
    version: "1.0.2"
  pool:
    dependency: transitive
    description:
      name: pool
      sha256: "05955e3de2683e1746222efd14b775df7131139e07695dc8e24650f6b4204504"
      url: "https://pub.dartlang.org"
    source: hosted
    version: "1.5.0"
  process:
    dependency: transitive
    description:
      name: process
      sha256: ca157bb5ee3a2dce23ac17bac6d5e54c9d7d1b693f560b606a84aacd2f3c54f8
      url: "https://pub.dartlang.org"
    source: hosted
    version: "4.2.3"
  progress_dialog:
    dependency: "direct main"
    description:
      name: progress_dialog
      sha256: "2f92c7664ef569939c8c2c38bdf770e2d791d4e9075efe38d7fff0940afbcadd"
      url: "https://pub.dartlang.org"
    source: hosted
    version: "1.2.4"
  protobuf:
    dependency: transitive
    description:
      name: protobuf
      sha256: "467c7ccf3fee0272d5cb84bf20debc509f9a4f69ce06e5f7a8b749d7e6962085"
      url: "https://pub.dartlang.org"
    source: hosted
    version: "2.0.0"
  provider:
    dependency: "direct main"
    description:
      name: provider
      sha256: c073897ced62b07e5a1536b97dce208a8b96046faeb2f66f65d3a7e59a971599
      url: "https://pub.dartlang.org"
    source: hosted
    version: "3.2.0"
  pub_semver:
    dependency: transitive
    description:
      name: pub_semver
      sha256: "3c51ec0aaeccb85cacfe824816c60e1e3c53da586c64e1166422a906a4f7251c"
      url: "https://pub.dartlang.org"
    source: hosted
    version: "1.4.4"
  pubspec_parse:
    dependency: transitive
    description:
      name: pubspec_parse
      sha256: d65b4c44175a6882692fae384be22c3eed8b9235bb758d8984b11fec55848b8c
      url: "https://pub.dartlang.org"
    source: hosted
    version: "0.1.8"
  sa_anicoto:
    dependency: transitive
    description:
      name: sa_anicoto
      sha256: ab4995945e24bb9f2468edb1af05ceb36964e6d04c7a636eb0bbfda1010855d1
      url: "https://pub.dartlang.org"
    source: hosted
    version: "1.0.2"
  sa_multi_tween:
    dependency: transitive
    description:
      name: sa_multi_tween
      sha256: f54195be69fca1d4e2df69997abc9c849013391679828a8660b79840b8b0acf5
      url: "https://pub.dartlang.org"
    source: hosted
    version: "1.1.1"
  sa_stateless_animation:
    dependency: transitive
    description:
      name: sa_stateless_animation
      sha256: da0300d77f2a32fa0d39b3ef1eda32e74ef14378387e31c2566548eca6e05fc6
      url: "https://pub.dartlang.org"
    source: hosted
    version: "1.0.1"
  sa_v1_migration:
    dependency: transitive
    description:
      name: sa_v1_migration
      sha256: "6577cbb7d8842347360a7c805ebee91b3248d5887d20f883bbedff5047cddc10"
      url: "https://pub.dartlang.org"
    source: hosted
    version: "1.1.2"
  shared_preferences:
    dependency: "direct main"
    description:
      name: shared_preferences
      sha256: "08d8df06bf32ab574b6dee0b09f6df7e37a04022b5660492c3993efc38b46d97"
      url: "https://pub.dartlang.org"
    source: hosted
    version: "0.5.7+3"
  shared_preferences_macos:
    dependency: transitive
    description:
      name: shared_preferences_macos
      sha256: cadb18b3e5b57c8082273e6f5e548b789e2d1626d6bec1441496e594f66bd1ab
      url: "https://pub.dartlang.org"
    source: hosted
    version: "0.0.1+10"
  shared_preferences_platform_interface:
    dependency: transitive
    description:
      name: shared_preferences_platform_interface
      sha256: "10958ff09d5b0caaf199fdc436b3433cb9f7491e5f71e4b3d98b451edfee34f4"
      url: "https://pub.dartlang.org"
    source: hosted
    version: "1.0.4"
  shared_preferences_web:
    dependency: transitive
    description:
      name: shared_preferences_web
      sha256: "345b8f659aa4aedaabc3665a63f563c62b08dc209dd23304bc155d69ebcd388d"
      url: "https://pub.dartlang.org"
    source: hosted
    version: "0.1.2+7"
  shelf:
    dependency: transitive
    description:
      name: shelf
      sha256: d16d1197f877e814f767be03c1c5940a397ae0ddb46dcfb9b5465074bb80ee37
      url: "https://pub.dartlang.org"
    source: hosted
    version: "0.7.9"
  shelf_web_socket:
    dependency: transitive
    description:
      name: shelf_web_socket
      sha256: "2a300f6dd3d4a6d41941eef97920671ecd250712ce1275bf60110997691b20d1"
      url: "https://pub.dartlang.org"
    source: hosted
    version: "0.2.4+1"
  simple_animations:
    dependency: transitive
    description:
      name: simple_animations
      sha256: bc59d9cf86fc83f99c0afbef17d1482f742d49a0535c065b4a8c6245ae9f029f
      url: "https://pub.dartlang.org"
    source: hosted
    version: "2.2.1"
  sky_engine:
    dependency: transitive
    description: flutter
    source: sdk
    version: "0.0.99"
  source_span:
    dependency: transitive
    description:
      name: source_span
      sha256: dd904f795d4b4f3b870833847c461801f6750a9fa8e61ea5ac53f9422b31f250
      url: "https://pub.dartlang.org"
    source: hosted
    version: "1.9.1"
  stack_trace:
    dependency: transitive
    description:
      name: stack_trace
      sha256: c3c7d8edb15bee7f0f74debd4b9c5f3c2ea86766fe4178eb2a18eb30a0bdaed5
      url: "https://pub.dartlang.org"
    source: hosted
    version: "1.11.0"
  stream_channel:
    dependency: transitive
    description:
      name: stream_channel
      sha256: "83615bee9045c1d322bbbd1ba209b7a749c2cbcdcb3fdd1df8eb488b3279c1c8"
      url: "https://pub.dartlang.org"
    source: hosted
    version: "2.1.1"
  stream_transform:
    dependency: transitive
    description:
      name: stream_transform
      sha256: ed464977cb26a1f41537e177e190c67223dbd9f4f683489b6ab2e5d211ec564e
      url: "https://pub.dartlang.org"
    source: hosted
    version: "2.0.0"
  string_scanner:
    dependency: transitive
    description:
      name: string_scanner
      sha256: "556692adab6cfa87322a115640c11f13cb77b3f076ddcc5d6ae3c20242bedcde"
      url: "https://pub.dartlang.org"
    source: hosted
    version: "1.2.0"
  supercharged:
    dependency: transitive
    description:
      name: supercharged
      sha256: fa26ef01cc6bffab8ddff3b1ea6ddcbef4be3661f7e7d31e56b71c0c418afab9
      url: "https://pub.dartlang.org"
    source: hosted
    version: "1.6.0"
  term_glyph:
    dependency: transitive
    description:
      name: term_glyph
      sha256: a29248a84fbb7c79282b40b8c72a1209db169a2e0542bce341da992fe1bc7e84
      url: "https://pub.dartlang.org"
    source: hosted
    version: "1.2.1"
  test_api:
    dependency: transitive
    description:
      name: test_api
      sha256: ad540f65f92caa91bf21dfc8ffb8c589d6e4dc0c2267818b4cc2792857706206
      url: "https://pub.dartlang.org"
    source: hosted
    version: "0.4.16"
  timing:
    dependency: transitive
    description:
      name: timing
      sha256: "3f88d1d53e39741b541633abb7adf9eaf0efbd418dddcfd71a9ed1561ce2e811"
      url: "https://pub.dartlang.org"
    source: hosted
    version: "0.1.1+3"
  typed_data:
    dependency: transitive
    description:
      name: typed_data
      sha256: "53bdf7e979cfbf3e28987552fd72f637e63f3c8724c9e56d9246942dc2fa36ee"
      url: "https://pub.dartlang.org"
    source: hosted
    version: "1.3.0"
  typicons_flutter:
    dependency: "direct main"
    description:
      name: typicons_flutter
      sha256: "7721b6a07ceda1c359cff68d2ac429567660752ff27ac7d02100b8fd7b239401"
      url: "https://pub.dartlang.org"
    source: hosted
    version: "0.2.1"
  vector_math:
    dependency: transitive
    description:
      name: vector_math
      sha256: "80b3257d1492ce4d091729e3a67a60407d227c27241d6927be0130c98e741803"
      url: "https://pub.dartlang.org"
    source: hosted
    version: "2.1.4"
  watcher:
    dependency: transitive
    description:
      name: watcher
      sha256: c0b32652d41aa3c5053309286d96c4659f0d3001db9c97422c8700f163aa80e7
      url: "https://pub.dartlang.org"
    source: hosted
    version: "0.9.7+15"
  web_socket_channel:
    dependency: transitive
    description:
      name: web_socket_channel
      sha256: bfd93faab893a64920903d7d375517c18789c21e4c7daa5232a31ee126b7fea1
      url: "https://pub.dartlang.org"
    source: hosted
    version: "1.2.0"
  win32:
    dependency: transitive
    description:
      name: win32
      sha256: e106274d51db0b69e8739155ace8089bfa97183e4cead8e6397b053c29cd86fe
      url: "https://pub.dartlang.org"
    source: hosted
    version: "2.2.9"
  xdg_directories:
    dependency: transitive
    description:
      name: xdg_directories
      sha256: "864af550b70b87218770f8d7efd2814c38a3d6cf7103f245cc5413da0df3aee2"
      url: "https://pub.dartlang.org"
    source: hosted
    version: "0.1.2"
  xml:
    dependency: transitive
    description:
      name: xml
      sha256: "8501c1516b03e10ea0adb38531188e0d2817a58f734b1c1f579f4db5465e1b6b"
      url: "https://pub.dartlang.org"
    source: hosted
    version: "3.6.1"
  yaml:
    dependency: transitive
    description:
      name: yaml
      sha256: "5ec3d7ffef5a113f664e4c61c08508e23acb2d87021645468967200d684b9274"
      url: "https://pub.dartlang.org"
    source: hosted
    version: "2.2.1"
sdks:
  dart: ">=2.13.0 <3.0.0"
  flutter: ">=1.20.0"
